
Microsoft Visual Studio Solution File, Format Version 12.00
# Visual Studio Version 16
VisualStudioVersion = 16.0.31702.278
MinimumVisualStudioVersion = 10.0.40219.1
Project("{FAE04EC0-301F-11D3-BF4B-00C04F79EFBC}") = "Minesweeper", "Minesweeper\Minesweeper.csproj", "{AA2496FA-F29E-4D17-BB09-71311AD82C88}"
EndProject
Global
	GlobalSection(SolutionConfigurationPlatforms) = preSolution
		Debug|Any CPU = Debug|Any CPU
		Release|Any CPU = Release|Any CPU
	EndGlobalSection
	GlobalSection(ProjectConfigurationPlatforms) = postSolution
		{AA2496FA-F29E-4D17-BB09-71311AD82C88}.Debug|Any CPU.ActiveCfg = Debug|Any CPU
		{AA2496FA-F29E-4D17-BB09-71311AD82C88}.Debug|Any CPU.Build.0 = Debug|Any CPU
		{AA2496FA-F29E-4D17-BB09-71311AD82C88}.Release|Any CPU.ActiveCfg = Release|Any CPU
		{AA2496FA-F29E-4D17-BB09-71311AD82C88}.Release|Any CPU.Build.0 = Release|Any CPU
	EndGlobalSection
	GlobalSection(SolutionProperties) = preSolution
		HideSolutionNode = FALSE
	EndGlobalSection
	GlobalSection(ExtensibilityGlobals) = postSolution
		SolutionGuid = {BBAB2F9E-1DB6-4EF5-8BCF-AEBDC2D94BEC}
	EndGlobalSection
EndGlobal
